// !$*UTF8*$!
{
	archiveVersion = 1;
	classes = {
	};
	objectVersion = 50;
	objects = {

/* Begin PBXBuildFile section */
		AB1448E3224DF2EC00F2BCF3 /* BinarySearch.mm in Sources */ = {isa = PBXBuildFile; fileRef = AB1448E2224DF2EC00F2BCF3 /* BinarySearch.mm */; };
		AB45DD182251E9F700D7E2F1 /* Quicksort.mm in Sources */ = {isa = PBXBuildFile; fileRef = AB45DD172251E9F700D7E2F1 /* Quicksort.mm */; };
		AB8111542245EFE00061A640 /* BubbleSort.mm in Sources */ = {isa = PBXBuildFile; fileRef = AB8111532245EFE00061A640 /* BubbleSort.mm */; };
		ABA7C844225B1E4D005EB645 /* ShellSort.mm in Sources */ = {isa = PBXBuildFile; fileRef = ABA7C843225B1E4D005EB645 /* ShellSort.mm */; };
		ABF91B0E22435897009D5D50 /* main.m in Sources */ = {isa = PBXBuildFile; fileRef = ABF91B0D22435897009D5D50 /* main.m */; };
		ABF91B1922435A60009D5D50 /* InsertSort.mm in Sources */ = {isa = PBXBuildFile; fileRef = ABF91B1822435A60009D5D50 /* InsertSort.mm */; };
/* End PBXBuildFile section */

/* Begin PBXCopyFilesBuildPhase section */
		ABF91B0822435897009D5D50 /* CopyFiles */ = {
			isa = PBXCopyFilesBuildPhase;
			buildActionMask = 2147483647;
			dstPath = /usr/share/man/man1/;
			dstSubfolderSpec = 0;
			files = (
			);
			runOnlyForDeploymentPostprocessing = 1;
		};
/* End PBXCopyFilesBuildPhase section */

/* Begin PBXFileReference section */
		AB1448E1224DF2EC00F2BCF3 /* BinarySearch.h */ = {isa = PBXFileReference; lastKnownFileType = sourcecode.c.h; path = BinarySearch.h; sourceTree = "<group>"; };
		AB1448E2224DF2EC00F2BCF3 /* BinarySearch.mm */ = {isa = PBXFileReference; lastKnownFileType = sourcecode.cpp.objcpp; path = BinarySearch.mm; sourceTree = "<group>"; };
		AB45DD162251E9F700D7E2F1 /* Quicksort.h */ = {isa = PBXFileReference; lastKnownFileType = sourcecode.c.h; path = Quicksort.h; sourceTree = "<group>"; };
		AB45DD172251E9F700D7E2F1 /* Quicksort.mm */ = {isa = PBXFileReference; lastKnownFileType = sourcecode.cpp.objcpp; path = Quicksort.mm; sourceTree = "<group>"; };
		AB8111522245EFE00061A640 /* BubbleSort.h */ = {isa = PBXFileReference; lastKnownFileType = sourcecode.c.h; path = BubbleSort.h; sourceTree = "<group>"; };
		AB8111532245EFE00061A640 /* BubbleSort.mm */ = {isa = PBXFileReference; lastKnownFileType = sourcecode.cpp.objcpp; path = BubbleSort.mm; sourceTree = "<group>"; };
		ABA7C842225B1E4D005EB645 /* ShellSort.h */ = {isa = PBXFileReference; lastKnownFileType = sourcecode.c.h; path = ShellSort.h; sourceTree = "<group>"; };
		ABA7C843225B1E4D005EB645 /* ShellSort.mm */ = {isa = PBXFileReference; lastKnownFileType = sourcecode.cpp.objcpp; path = ShellSort.mm; sourceTree = "<group>"; };
		ABF91B0A22435897009D5D50 /* 基本排序算法OC实现 */ = {isa = PBXFileReference; explicitFileType = "compiled.mach-o.executable"; includeInIndex = 0; path = "基本排序算法OC实现"; sourceTree = BUILT_PRODUCTS_DIR; };
		ABF91B0D22435897009D5D50 /* main.m */ = {isa = PBXFileReference; lastKnownFileType = sourcecode.c.objc; path = main.m; sourceTree = "<group>"; };
		ABF91B1722435A60009D5D50 /* InsertSort.h */ = {isa = PBXFileReference; lastKnownFileType = sourcecode.c.h; path = InsertSort.h; sourceTree = "<group>"; };
		ABF91B1822435A60009D5D50 /* InsertSort.mm */ = {isa = PBXFileReference; lastKnownFileType = sourcecode.cpp.objcpp; path = InsertSort.mm; sourceTree = "<group>"; };
/* End PBXFileReference section */

/* Begin PBXFrameworksBuildPhase section */
		ABF91B0722435897009D5D50 /* Frameworks */ = {
			isa = PBXFrameworksBuildPhase;
			buildActionMask = 2147483647;
			files = (
			);
			runOnlyForDeploymentPostprocessing = 0;
		};
/* End PBXFrameworksBuildPhase section */

/* Begin PBXGroup section */
		AB1448E4224DF9E000F2BCF3 /* Resources */ = {
			isa = PBXGroup;
			children = (
			);
			path = Resources;
			sourceTree = "<group>";
		};
		ABF91B0122435896009D5D50 = {
			isa = PBXGroup;
			children = (
				ABF91B0C22435897009D5D50 /* 基本排序算法OC实现 */,
				ABF91B0B22435897009D5D50 /* Products */,
			);
			sourceTree = "<group>";
		};
		ABF91B0B22435897009D5D50 /* Products */ = {
			isa = PBXGroup;
			children = (
				ABF91B0A22435897009D5D50 /* 基本排序算法OC实现 */,
			);
			name = Products;
			sourceTree = "<group>";
		};
		ABF91B0C22435897009D5D50 /* 基本排序算法OC实现 */ = {
			isa = PBXGroup;
			children = (
				AB1448E4224DF9E000F2BCF3 /* Resources */,
				ABF91B0D22435897009D5D50 /* main.m */,
				ABF91B1722435A60009D5D50 /* InsertSort.h */,
				ABF91B1822435A60009D5D50 /* InsertSort.mm */,
				AB8111522245EFE00061A640 /* BubbleSort.h */,
				AB8111532245EFE00061A640 /* BubbleSort.mm */,
				AB1448E1224DF2EC00F2BCF3 /* BinarySearch.h */,
				AB1448E2224DF2EC00F2BCF3 /* BinarySearch.mm */,
				AB45DD162251E9F700D7E2F1 /* Quicksort.h */,
				AB45DD172251E9F700D7E2F1 /* Quicksort.mm */,
				ABA7C842225B1E4D005EB645 /* ShellSort.h */,
				ABA7C843225B1E4D005EB645 /* ShellSort.mm */,
			);
			path = "基本排序算法OC实现";
			sourceTree = "<group>";
		};
/* End PBXGroup section */

/* Begin PBXNativeTarget section */
		ABF91B0922435897009D5D50 /* 基本排序算法OC实现 */ = {
			isa = PBXNativeTarget;
			buildConfigurationList = ABF91B1122435897009D5D50 /* Build configuration list for PBXNativeTarget "基本排序算法OC实现" */;
			buildPhases = (
				ABF91B0622435897009D5D50 /* Sources */,
				ABF91B0722435897009D5D50 /* Frameworks */,
				ABF91B0822435897009D5D50 /* CopyFiles */,
			);
			buildRules = (
			);
			dependencies = (
			);
			name = "基本排序算法OC实现";
			productName = "基本排序算法OC实现";
			productReference = ABF91B0A22435897009D5D50 /* 基本排序算法OC实现 */;
			productType = "com.apple.product-type.tool";
		};
/* End PBXNativeTarget section */

/* Begin PBXProject section */
		ABF91B0222435896009D5D50 /* Project object */ = {
			isa = PBXProject;
			attributes = {
				LastUpgradeCheck = 1010;
				ORGANIZATIONNAME = july;
				TargetAttributes = {
					ABF91B0922435897009D5D50 = {
						CreatedOnToolsVersion = 10.1;
					};
				};
			};
			buildConfigurationList = ABF91B0522435896009D5D50 /* Build configuration list for PBXProject "基本排序算法OC实现" */;
			compatibilityVersion = "Xcode 9.3";
			developmentRegion = en;
			hasScannedForEncodings = 0;
			knownRegions = (
				en,
			);
			mainGroup = ABF91B0122435896009D5D50;
			productRefGroup = ABF91B0B22435897009D5D50 /* Products */;
			projectDirPath = "";
			projectRoot = "";
			targets = (
				ABF91B0922435897009D5D50 /* 基本排序算法OC实现 */,
			);
		};
/* End PBXProject section */

/* Begin PBXSourcesBuildPhase section */
		ABF91B0622435897009D5D50 /* Sources */ = {
			isa = PBXSourcesBuildPhase;
			buildActionMask = 2147483647;
			files = (
				ABA7C844225B1E4D005EB645 /* ShellSort.mm in Sources */,
				AB1448E3224DF2EC00F2BCF3 /* BinarySearch.mm in Sources */,
				ABF91B1922435A60009D5D50 /* InsertSort.mm in Sources */,
				ABF91B0E22435897009D5D50 /* main.m in Sources */,
				AB45DD182251E9F700D7E2F1 /* Quicksort.mm in Sources */,
				AB8111542245EFE00061A640 /* BubbleSort.mm in Sources */,
			);
			runOnlyForDeploymentPostprocessing = 0;
		};
/* End PBXSourcesBuildPhase section */

/* Begin XCBuildConfiguration section */
		ABF91B0F22435897009D5D50 /* Debug */ = {
			isa = XCBuildConfiguration;
			buildSettings = {
				ALWAYS_SEARCH_USER_PATHS = NO;
				CLANG_ANALYZER_NONNULL = YES;
				CLANG_ANALYZER_NUMBER_OBJECT_CONVERSION = YES_AGGRESSIVE;
				CLANG_CXX_LANGUAGE_STANDARD = "gnu++14";
				CLANG_CXX_LIBRARY = "libc++";
				CLANG_ENABLE_MODULES = YES;
				CLANG_ENABLE_OBJC_ARC = YES;
				CLANG_ENABLE_OBJC_WEAK = YES;
				CLANG_WARN_BLOCK_CAPTURE_AUTORELEASING = YES;
				CLANG_WARN_BOOL_CONVERSION = YES;
				CLANG_WARN_COMMA = YES;
				CLANG_WARN_CONSTANT_CONVERSION = YES;
				CLANG_WARN_DEPRECATED_OBJC_IMPLEMENTATIONS = YES;
				CLANG_WARN_DIRECT_OBJC_ISA_USAGE = YES_ERROR;
				CLANG_WARN_DOCUMENTATION_COMMENTS = YES;
				CLANG_WARN_EMPTY_BODY = YES;
				CLANG_WARN_ENUM_CONVERSION = YES;
				CLANG_WARN_INFINITE_RECURSION = YES;
				CLANG_WARN_INT_CONVERSION = YES;
				CLANG_WARN_NON_LITERAL_NULL_CONVERSION = YES;
				CLANG_WARN_OBJC_IMPLICIT_RETAIN_SELF = YES;
				CLANG_WARN_OBJC_LITERAL_CONVERSION = YES;
				CLANG_WARN_OBJC_ROOT_CLASS = YES_ERROR;
				CLANG_WARN_RANGE_LOOP_ANALYSIS = YES;
				CLANG_WARN_STRICT_PROTOTYPES = YES;
				CLANG_WARN_SUSPICIOUS_MOVE = YES;
				CLANG_WARN_UNGUARDED_AVAILABILITY = YES_AGGRESSIVE;
				CLANG_WARN_UNREACHABLE_CODE = YES;
				CLANG_WARN__DUPLICATE_METHOD_MATCH = YES;
				CODE_SIGN_IDENTITY = "Mac Developer";
				COPY_PHASE_STRIP = NO;
				DEBUG_INFORMATION_FORMAT = dwarf;
				ENABLE_STRICT_OBJC_MSGSEND = YES;
				ENABLE_TESTABILITY = YES;
				GCC_C_LANGUAGE_STANDARD = gnu11;
				GCC_DYNAMIC_NO_PIC = NO;
				GCC_NO_COMMON_BLOCKS = YES;
				GCC_OPTIMIZATION_LEVEL = 0;
				GCC_PREPROCESSOR_DEFINITIONS = (
					"DEBUG=1",
					"$(inherited)",
				);
				GCC_WARN_64_TO_32_BIT_CONVERSION = YES;
				GCC_WARN_ABOUT_RETURN_TYPE = YES_ERROR;
				GCC_WARN_UNDECLARED_SELECTOR = YES;
				GCC_WARN_UNINITIALIZED_AUTOS = YES_AGGRESSIVE;
				GCC_WARN_UNUSED_FUNCTION = YES;
				GCC_WARN_UNUSED_VARIABLE = YES;
				MACOSX_DEPLOYMENT_TARGET = 10.14;
				MTL_ENABLE_DEBUG_INFO = INCLUDE_SOURCE;
				MTL_FAST_MATH = YES;
				ONLY_ACTIVE_ARCH = YES;
				SDKROOT = macosx;
			};
			name = Debug;
		};
		ABF91B1022435897009D5D50 /* Release */ = {
			isa = XCBuildConfiguration;
			buildSettings = {
				ALWAYS_SEARCH_USER_PATHS = NO;
				CLANG_ANALYZER_NONNULL = YES;
				CLANG_ANALYZER_NUMBER_OBJECT_CONVERSION = YES_AGGRESSIVE;
				CLANG_CXX_LANGUAGE_STANDARD = "gnu++14";
				CLANG_CXX_LIBRARY = "libc++";
				CLANG_ENABLE_MODULES = YES;
				CLANG_ENABLE_OBJC_ARC = YES;
				CLANG_ENABLE_OBJC_WEAK = YES;
				CLANG_WARN_BLOCK_CAPTURE_AUTORELEASING = YES;
				CLANG_WARN_BOOL_CONVERSION = YES;
				CLANG_WARN_COMMA = YES;
				CLANG_WARN_CONSTANT_CONVERSION = YES;
				CLANG_WARN_DEPRECATED_OBJC_IMPLEMENTATIONS = YES;
				CLANG_WARN_DIRECT_OBJC_ISA_USAGE = YES_ERROR;
				CLANG_WARN_DOCUMENTATION_COMMENTS = YES;
				CLANG_WARN_EMPTY_BODY = YES;
				CLANG_WARN_ENUM_CONVERSION = YES;
				CLANG_WARN_INFINITE_RECURSION = YES;
				CLANG_WARN_INT_CONVERSION = YES;
				CLANG_WARN_NON_LITERAL_NULL_CONVERSION = YES;
				CLANG_WARN_OBJC_IMPLICIT_RETAIN_SELF = YES;
				CLANG_WARN_OBJC_LITERAL_CONVERSION = YES;
				CLANG_WARN_OBJC_ROOT_CLASS = YES_ERROR;
				CLANG_WARN_RANGE_LOOP_ANALYSIS = YES;
				CLANG_WARN_STRICT_PROTOTYPES = YES;
				CLANG_WARN_SUSPICIOUS_MOVE = YES;
				CLANG_WARN_UNGUARDED_AVAILABILITY = YES_AGGRESSIVE;
				CLANG_WARN_UNREACHABLE_CODE = YES;
				CLANG_WARN__DUPLICATE_METHOD_MATCH = YES;
				CODE_SIGN_IDENTITY = "Mac Developer";
				COPY_PHASE_STRIP = NO;
				DEBUG_INFORMATION_FORMAT = "dwarf-with-dsym";
				ENABLE_NS_ASSERTIONS = NO;
				ENABLE_STRICT_OBJC_MSGSEND = YES;
				GCC_C_LANGUAGE_STANDARD = gnu11;
				GCC_NO_COMMON_BLOCKS = YES;
				GCC_WARN_64_TO_32_BIT_CONVERSION = YES;
				GCC_WARN_ABOUT_RETURN_TYPE = YES_ERROR;
				GCC_WARN_UNDECLARED_SELECTOR = YES;
				GCC_WARN_UNINITIALIZED_AUTOS = YES_AGGRESSIVE;
				GCC_WARN_UNUSED_FUNCTION = YES;
				GCC_WARN_UNUSED_VARIABLE = YES;
				MACOSX_DEPLOYMENT_TARGET = 10.14;
				MTL_ENABLE_DEBUG_INFO = NO;
				MTL_FAST_MATH = YES;
				SDKROOT = macosx;
			};
			name = Release;
		};
		ABF91B1222435897009D5D50 /* Debug */ = {
			isa = XCBuildConfiguration;
			buildSettings = {
				CODE_SIGN_STYLE = Automatic;
				DEVELOPMENT_TEAM = P9D3NKT33P;
				PRODUCT_NAME = "$(TARGET_NAME)";
			};
			name = Debug;
		};
		ABF91B1322435897009D5D50 /* Release */ = {
			isa = XCBuildConfiguration;
			buildSettings = {
				CODE_SIGN_STYLE = Automatic;
				DEVELOPMENT_TEAM = P9D3NKT33P;
				PRODUCT_NAME = "$(TARGET_NAME)";
			};
			name = Release;
		};
/* End XCBuildConfiguration section */

/* Begin XCConfigurationList section */
		ABF91B0522435896009D5D50 /* Build configuration list for PBXProject "基本排序算法OC实现" */ = {
			isa = XCConfigurationList;
			buildConfigurations = (
				ABF91B0F22435897009D5D50 /* Debug */,
				ABF91B1022435897009D5D50 /* Release */,
			);
			defaultConfigurationIsVisible = 0;
			defaultConfigurationName = Release;
		};
		ABF91B1122435897009D5D50 /* Build configuration list for PBXNativeTarget "基本排序算法OC实现" */ = {
			isa = XCConfigurationList;
			buildConfigurations = (
				ABF91B1222435897009D5D50 /* Debug */,
				ABF91B1322435897009D5D50 /* Release */,
			);
			defaultConfigurationIsVisible = 0;
			defaultConfigurationName = Release;
		};
/* End XCConfigurationList section */
	};
	rootObject = ABF91B0222435896009D5D50 /* Project object */;
}
